
Microsoft Visual Studio Solution File, Format Version 12.00
# Visual Studio Version 17
VisualStudioVersion = 17.6.33829.357
MinimumVisualStudioVersion = 10.0.40219.1
Project("{FAE04EC0-301F-11D3-BF4B-00C04F79EFBC}") = "docker image sample", "docker image sample.csproj", "{AED8A551-FAA3-44BA-8F77-34BE2560D488}"
EndProject
Global
	GlobalSection(SolutionConfigurationPlatforms) = preSolution
		Debug|Any CPU = Debug|Any CPU
		Release|Any CPU = Release|Any CPU
	EndGlobalSection
	GlobalSection(ProjectConfigurationPlatforms) = postSolution
		{AED8A551-FAA3-44BA-8F77-34BE2560D488}.Debug|Any CPU.ActiveCfg = Debug|Any CPU
		{AED8A551-FAA3-44BA-8F77-34BE2560D488}.Debug|Any CPU.Build.0 = Debug|Any CPU
		{AED8A551-FAA3-44BA-8F77-34BE2560D488}.Release|Any CPU.ActiveCfg = Release|Any CPU
		{AED8A551-FAA3-44BA-8F77-34BE2560D488}.Release|Any CPU.Build.0 = Release|Any CPU
	EndGlobalSection
	GlobalSection(SolutionProperties) = preSolution
		HideSolutionNode = FALSE
	EndGlobalSection
	GlobalSection(ExtensibilityGlobals) = postSolution
		SolutionGuid = {184199FE-CB7B-4245-90CD-31461C027A66}
	EndGlobalSection
EndGlobal
